# This file is automatically @generated by Cargo.
# It is not intended for manual editing.
# Cargo.lock records the exact versions of every package used by this project.
# That makes builds repeatable on different computers. Our project has no external
# packages yet, so the only package listed below is the learning lab itself.
version = 4

[[package]]
name = "rust_learning_lab"
version = "0.1.0"
